Microsoft Visual Studio Solution File, Format Version 11.00
# Visual Studio 2008

Project("{2E5F5258-B4EC-5FCE-6211-DBE10856B493}") = "Kaiju_Demo", "Assembly-CSharp.csproj", "{F7A1F49D-A1DD-AF7D-31A4-D29181FD2490}"
EndProject
Project("{2E5F5258-B4EC-5FCE-6211-DBE10856B493}") = "Kaiju_Demo", "Assembly-CSharp-Editor.csproj", "{EF3D9B6F-19A6-209A-894E-F83FF5486F26}"
EndProject
Global
	GlobalSection(SolutionConfigurationPlatforms) = preSolution
		Debug|Any CPU = Debug|Any CPU
		Release|Any CPU = Release|Any CPU
	EndGlobalSection
	GlobalSection(ProjectConfigurationPlatforms) = postSolution
		{F7A1F49D-A1DD-AF7D-31A4-D29181FD2490}.Debug|Any CPU.ActiveCfg = Debug|Any CPU
		{F7A1F49D-A1DD-AF7D-31A4-D29181FD2490}.Debug|Any CPU.Build.0 = Debug|Any CPU
		{F7A1F49D-A1DD-AF7D-31A4-D29181FD2490}.Release|Any CPU.ActiveCfg = Release|Any CPU
		{F7A1F49D-A1DD-AF7D-31A4-D29181FD2490}.Release|Any CPU.Build.0 = Release|Any CPU
		{EF3D9B6F-19A6-209A-894E-F83FF5486F26}.Debug|Any CPU.ActiveCfg = Debug|Any CPU
		{EF3D9B6F-19A6-209A-894E-F83FF5486F26}.Debug|Any CPU.Build.0 = Debug|Any CPU
		{EF3D9B6F-19A6-209A-894E-F83FF5486F26}.Release|Any CPU.ActiveCfg = Release|Any CPU
		{EF3D9B6F-19A6-209A-894E-F83FF5486F26}.Release|Any CPU.Build.0 = Release|Any CPU
	EndGlobalSection
	GlobalSection(SolutionProperties) = preSolution
		HideSolutionNode = FALSE
	EndGlobalSection
	GlobalSection(MonoDevelopProperties) = preSolution
		StartupItem = Assembly-CSharp.csproj
	EndGlobalSection
EndGlobal
